{
    "_readme": [
        "This file locks the dependencies of your project to a known state",
        "Read more about it at https://getcomposer.org/doc/01-basic-usage.md#installing-dependencies",
        "This file is @generated automatically"
    ],
    "content-hash": "c0a5c0db272f78afba763e163e41530d",
    "packages": [
        {
            "name": "brick/math",
            "version": "0.18.0",
            "source": {
                "type": "git",
                "url": "https://github.com/brick/math.git",
                "reference": "82944324d1c1bdb2c2618e89978d4e2ad78d69ad"
            },
            "dist": {
                "type": "zip",
                "url": "https://api.github.com/repos/brick/math/zipball/82944324d1c1bdb2c2618e89978d4e2ad78d69ad",
                "reference": "82944324d1c1bdb2c2618e89978d4e2ad78d69ad",
                "shasum": ""
            },
            "require": {
                "php": "^8.2"
            },
            "require-dev": {
                "phpstan/phpstan": "2.1.22",
                "phpunit/phpunit": "^11.5"
            },
            "type": "library",
            "autoload": {
                "psr-4": {
                    "Brick\\Math\\": "src/"
                }
            },
            "notification-url": "https://packagist.org/downloads/",
            "license": [
                "MIT"
            ],
            "description": "Arbitrary-precision arithmetic library",
            "keywords": [
                "Arbitrary-precision",
                "BigInteger",
                "BigRational",
                "arithmetic",
                "bigdecimal",
                "bignum",
                "bignumber",
                "brick",
                "decimal",
                "integer",
                "math",
                "mathematics",
                "rational"
            ],
            "support": {
                "issues": "https://github.com/brick/math/issues",
                "source": "https://github.com/brick/math/tree/0.18.0"
            },
            "funding": [
                {
                    "url": "https://github.com/BenMorel",
                    "type": "github"
                }
            ],
            "time": "2026-06-14T18:21:03+00:00"
        },
        {
            "name": "ramsey/collection",
            "version": "2.1.1",
            "source": {
                "type": "git",
                "url": "https://github.com/ramsey/collection.git",
                "reference": "344572933ad0181accbf4ba763e85a0306a8c5e2"
            },
            "dist": {
                "type": "zip",
                "url": "https://api.github.com/repos/ramsey/collection/zipball/344572933ad0181accbf4ba763e85a0306a8c5e2",
                "reference": "344572933ad0181accbf4ba763e85a0306a8c5e2",
                "shasum": ""
            },
            "require": {
                "php": "^8.1"
            },
            "require-dev": {
                "captainhook/plugin-composer": "^5.3",
                "ergebnis/composer-normalize": "^2.45",
                "fakerphp/faker": "^1.24",
                "hamcrest/hamcrest-php": "^2.0",
                "jangregor/phpstan-prophecy": "^2.1",
                "mockery/mockery": "^1.6",
                "php-parallel-lint/php-console-highlighter": "^1.0",
                "php-parallel-lint/php-parallel-lint": "^1.4",
                "phpspec/prophecy-phpunit": "^2.3",
                "phpstan/extension-installer": "^1.4",
                "phpstan/phpstan": "^2.1",
                "phpstan/phpstan-mockery": "^2.0",
                "phpstan/phpstan-phpunit": "^2.0",
                "phpunit/phpunit": "^10.5",
                "ramsey/coding-standard": "^2.3",
                "ramsey/conventional-commits": "^1.6",
                "roave/security-advisories": "dev-latest"
            },
            "type": "library",
            "extra": {
                "captainhook": {
                    "force-install": true
                },
                "ramsey/conventional-commits": {
                    "configFile": "conventional-commits.json"
                }
            },
            "autoload": {
                "psr-4": {
                    "Ramsey\\Collection\\": "src/"
                }
            },
            "notification-url": "https://packagist.org/downloads/",
            "license": [
                "MIT"
            ],
            "authors": [
                {
                    "name": "Ben Ramsey",
                    "email": "ben@benramsey.com",
                    "homepage": "https://benramsey.com"
                }
            ],
            "description": "A PHP library for representing and manipulating collections.",
            "keywords": [
                "array",
                "collection",
                "hash",
                "map",
                "queue",
                "set"
            ],
            "support": {
                "issues": "https://github.com/ramsey/collection/issues",
                "source": "https://github.com/ramsey/collection/tree/2.1.1"
            },
            "time": "2025-03-22T05:38:12+00:00"
        },
        {
            "name": "ramsey/uuid",
            "version": "4.9.3",
            "source": {
                "type": "git",
                "url": "https://github.com/ramsey/uuid.git",
                "reference": "1df15849d00943a67d677dc9cfd80795f038c9f8"
            },
            "dist": {
                "type": "zip",
                "url": "https://api.github.com/repos/ramsey/uuid/zipball/1df15849d00943a67d677dc9cfd80795f038c9f8",
                "reference": "1df15849d00943a67d677dc9cfd80795f038c9f8",
                "shasum": ""
            },
            "require": {
                "brick/math": ">=0.8.16 <=0.18",
                "php": "^8.0",
                "ramsey/collection": "^1.2 || ^2.0"
            },
            "replace": {
                "rhumsaa/uuid": "self.version"
            },
            "require-dev": {
                "captainhook/captainhook": "^5.25",
                "captainhook/plugin-composer": "^5.3",
                "dealerdirect/phpcodesniffer-composer-installer": "^1.0",
                "ergebnis/composer-normalize": "^2.47",
                "mockery/mockery": "^1.6",
                "paragonie/random-lib": "^2",
                "php-mock/php-mock": "^2.6",
                "php-mock/php-mock-mockery": "^1.5",
                "php-parallel-lint/php-parallel-lint": "^1.4.0",
                "phpbench/phpbench": "^1.2.14",
                "phpstan/extension-installer": "^1.4",
                "phpstan/phpstan": "^2.1",
                "phpstan/phpstan-mockery": "^2.0",
                "phpstan/phpstan-phpunit": "^2.0",
                "phpunit/phpunit": "^9.6",
                "slevomat/coding-standard": "^8.18",
                "squizlabs/php_codesniffer": "^3.13"
            },
            "suggest": {
                "ext-bcmath": "Enables faster math with arbitrary-precision integers using BCMath.",
                "ext-gmp": "Enables faster math with arbitrary-precision integers using GMP.",
                "ext-uuid": "Enables the use of PeclUuidTimeGenerator and PeclUuidRandomGenerator.",
                "paragonie/random-lib": "Provides RandomLib for use with the RandomLibAdapter",
                "ramsey/uuid-doctrine": "Allows the use of Ramsey\\Uuid\\Uuid as Doctrine field type."
            },
            "type": "library",
            "extra": {
                "captainhook": {
                    "force-install": true
                }
            },
            "autoload": {
                "files": [
                    "src/functions.php"
                ],
                "psr-4": {
                    "Ramsey\\Uuid\\": "src/"
                }
            },
            "notification-url": "https://packagist.org/downloads/",
            "license": [
                "MIT"
            ],
            "description": "A PHP library for generating and working with universally unique identifiers (UUIDs).",
            "keywords": [
                "guid",
                "identifier",
                "uuid"
            ],
            "support": {
                "issues": "https://github.com/ramsey/uuid/issues",
                "source": "https://github.com/ramsey/uuid/tree/4.9.3"
            },
            "time": "2026-06-18T03:57:49+00:00"
        }
    ],
    "packages-dev": [
        {
            "name": "bamarni/composer-bin-plugin",
            "version": "1.9.1",
            "source": {
                "type": "git",
                "url": "https://github.com/bamarni/composer-bin-plugin.git",
                "reference": "641d0663f5ac270b1aeec4337b7856f76204df47"
            },
            "dist": {
                "type": "zip",
                "url": "https://api.github.com/repos/bamarni/composer-bin-plugin/zipball/641d0663f5ac270b1aeec4337b7856f76204df47",
                "reference": "641d0663f5ac270b1aeec4337b7856f76204df47",
                "shasum": ""
            },
            "require": {
                "composer-plugin-api": "^2.0",
                "php": "^7.2.5 || ^8.0"
            },
            "require-dev": {
                "composer/composer": "^2.2.26",
                "ext-json": "*",
                "phpstan/extension-installer": "^1.1",
                "phpstan/phpstan": "^1.8 || ^2.0",
                "phpstan/phpstan-phpunit": "^1.1 || ^2.0",
                "phpunit/phpunit": "^8.5 || ^9.6 || ^10.0",
                "symfony/console": "^2.8.52 || ^3.4.35 || ^4.4 || ^5.0 || ^6.0",
                "symfony/finder": "^2.8.52 || ^3.4.35 || ^4.4 || ^5.0 || ^6.0",
                "symfony/process": "^2.8.52 || ^3.4.35 || ^4.4 || ^5.0 || ^6.0"
            },
            "type": "composer-plugin",
            "extra": {
                "class": "Bamarni\\Composer\\Bin\\BamarniBinPlugin"
            },
            "autoload": {
                "psr-4": {
                    "Bamarni\\Composer\\Bin\\": "src"
                }
            },
            "notification-url": "https://packagist.org/downloads/",
            "license": [
                "MIT"
            ],
            "description": "No conflicts for your bin dependencies",
            "keywords": [
                "composer",
                "conflict",
                "dependency",
                "executable",
                "isolation",
                "tool"
            ],
            "support": {
                "issues": "https://github.com/bamarni/composer-bin-plugin/issues",
                "source": "https://github.com/bamarni/composer-bin-plugin/tree/1.9.1"
            },
            "time": "2026-02-04T10:18:12+00:00"
        }
    ],
    "aliases": [],
    "minimum-stability": "stable",
    "stability-flags": [],
    "prefer-stable": false,
    "prefer-lowest": false,
    "platform": {
        "php": ">=8.3"
    },
    "platform-dev": [],
    "platform-overrides": {
        "php": "8.3"
    },
    "plugin-api-version": "2.6.0"
}
